
Microsoft Visual Studio Solution File, Format Version 12.00
# Visual Studio Version 17
VisualStudioVersion = 17.8.34330.188
MinimumVisualStudioVersion = 10.0.40219.1
Project("{8BC9CEB8-8B4A-11D0-8D11-00A0C91BC942}") = "EMpty nig", "EMpty nig\EMpty nig.vcxproj", "{1331335C-6BC2-4F55-9E17-3A1C69F9F470}"
EndProject
Project("{8BC9CEB8-8B4A-11D0-8D11-00A0C91BC942}") = "LAB#1", "LAB#1\LAB#1.vcxproj", "{00ECA3C3-EF99-4978-AE65-9AD438FD04B4}"
EndProject
Project("{8BC9CEB8-8B4A-11D0-8D11-00A0C91BC942}") = "LAB#3", "LAB#3\LAB#3.vcxproj", "{7C9E97E7-DCF7-4628-841E-C70CA58A5402}"
EndProject
Global
	GlobalSection(SolutionConfigurationPlatforms) = preSolution
		Debug|x64 = Debug|x64
		Debug|x86 = Debug|x86
		Release|x64 = Release|x64
		Release|x86 = Release|x86
	EndGlobalSection
	GlobalSection(ProjectConfigurationPlatforms) = postSolution
		{1331335C-6BC2-4F55-9E17-3A1C69F9F470}.Debug|x64.ActiveCfg = Debug|x64
		{1331335C-6BC2-4F55-9E17-3A1C69F9F470}.Debug|x64.Build.0 = Debug|x64
		{1331335C-6BC2-4F55-9E17-3A1C69F9F470}.Debug|x86.ActiveCfg = Debug|Win32
		{1331335C-6BC2-4F55-9E17-3A1C69F9F470}.Debug|x86.Build.0 = Debug|Win32
		{1331335C-6BC2-4F55-9E17-3A1C69F9F470}.Release|x64.ActiveCfg = Release|x64
		{1331335C-6BC2-4F55-9E17-3A1C69F9F470}.Release|x64.Build.0 = Release|x64
		{1331335C-6BC2-4F55-9E17-3A1C69F9F470}.Release|x86.ActiveCfg = Release|Win32
		{1331335C-6BC2-4F55-9E17-3A1C69F9F470}.Release|x86.Build.0 = Release|Win32
		{00ECA3C3-EF99-4978-AE65-9AD438FD04B4}.Debug|x64.ActiveCfg = Debug|x64
		{00ECA3C3-EF99-4978-AE65-9AD438FD04B4}.Debug|x64.Build.0 = Debug|x64
		{00ECA3C3-EF99-4978-AE65-9AD438FD04B4}.Debug|x86.ActiveCfg = Debug|Win32
		{00ECA3C3-EF99-4978-AE65-9AD438FD04B4}.Debug|x86.Build.0 = Debug|Win32
		{00ECA3C3-EF99-4978-AE65-9AD438FD04B4}.Release|x64.ActiveCfg = Release|x64
		{00ECA3C3-EF99-4978-AE65-9AD438FD04B4}.Release|x64.Build.0 = Release|x64
		{00ECA3C3-EF99-4978-AE65-9AD438FD04B4}.Release|x86.ActiveCfg = Release|Win32
		{00ECA3C3-EF99-4978-AE65-9AD438FD04B4}.Release|x86.Build.0 = Release|Win32
		{7C9E97E7-DCF7-4628-841E-C70CA58A5402}.Debug|x64.ActiveCfg = Debug|x64
		{7C9E97E7-DCF7-4628-841E-C70CA58A5402}.Debug|x64.Build.0 = Debug|x64
		{7C9E97E7-DCF7-4628-841E-C70CA58A5402}.Debug|x86.ActiveCfg = Debug|Win32
		{7C9E97E7-DCF7-4628-841E-C70CA58A5402}.Debug|x86.Build.0 = Debug|Win32
		{7C9E97E7-DCF7-4628-841E-C70CA58A5402}.Release|x64.ActiveCfg = Release|x64
		{7C9E97E7-DCF7-4628-841E-C70CA58A5402}.Release|x64.Build.0 = Release|x64
		{7C9E97E7-DCF7-4628-841E-C70CA58A5402}.Release|x86.ActiveCfg = Release|Win32
		{7C9E97E7-DCF7-4628-841E-C70CA58A5402}.Release|x86.Build.0 = Release|Win32
	EndGlobalSection
	GlobalSection(SolutionProperties) = preSolution
		HideSolutionNode = FALSE
	EndGlobalSection
	GlobalSection(ExtensibilityGlobals) = postSolution
		SolutionGuid = {49D3A686-A7E7-49D2-8154-B7D2C2A03F57}
	EndGlobalSection
EndGlobal
